
Microsoft Visual Studio Solution File, Format Version 12.00
# Visual Studio Version 17
VisualStudioVersion = 17.5.33516.290
MinimumVisualStudioVersion = 10.0.40219.1
Project("{FAE04EC0-301F-11D3-BF4B-00C04F79EFBC}") = "BLL", "BLL1\BLL.csproj", "{20769F7F-5FD8-4466-BBD6-6DB9629452D1}"
EndProject
Project("{FAE04EC0-301F-11D3-BF4B-00C04F79EFBC}") = "DAL", "DAL1\DAL.csproj", "{0FDFA39A-B01B-40E8-918B-DDAB28118F28}"
EndProject
Project("{FAE04EC0-301F-11D3-BF4B-00C04F79EFBC}") = "DTO", "DTO1\DTO.csproj", "{C9A149C2-C41D-40C5-B683-29A2D8756CE2}"
EndProject
Project("{FAE04EC0-301F-11D3-BF4B-00C04F79EFBC}") = "VIEW", "VIEW.csproj", "{D24D9AC9-36E1-4527-A2BF-48FC5727188D}"
EndProject
Global
	GlobalSection(SolutionConfigurationPlatforms) = preSolution
		Debug|Any CPU = Debug|Any CPU
		Release|Any CPU = Release|Any CPU
	EndGlobalSection
	GlobalSection(ProjectConfigurationPlatforms) = postSolution
		{20769F7F-5FD8-4466-BBD6-6DB9629452D1}.Debug|Any CPU.ActiveCfg = Debug|Any CPU
		{20769F7F-5FD8-4466-BBD6-6DB9629452D1}.Debug|Any CPU.Build.0 = Debug|Any CPU
		{20769F7F-5FD8-4466-BBD6-6DB9629452D1}.Release|Any CPU.ActiveCfg = Release|Any CPU
		{20769F7F-5FD8-4466-BBD6-6DB9629452D1}.Release|Any CPU.Build.0 = Release|Any CPU
		{0FDFA39A-B01B-40E8-918B-DDAB28118F28}.Debug|Any CPU.ActiveCfg = Debug|Any CPU
		{0FDFA39A-B01B-40E8-918B-DDAB28118F28}.Debug|Any CPU.Build.0 = Debug|Any CPU
		{0FDFA39A-B01B-40E8-918B-DDAB28118F28}.Release|Any CPU.ActiveCfg = Release|Any CPU
		{0FDFA39A-B01B-40E8-918B-DDAB28118F28}.Release|Any CPU.Build.0 = Release|Any CPU
		{C9A149C2-C41D-40C5-B683-29A2D8756CE2}.Debug|Any CPU.ActiveCfg = Debug|Any CPU
		{C9A149C2-C41D-40C5-B683-29A2D8756CE2}.Debug|Any CPU.Build.0 = Debug|Any CPU
		{C9A149C2-C41D-40C5-B683-29A2D8756CE2}.Release|Any CPU.ActiveCfg = Release|Any CPU
		{C9A149C2-C41D-40C5-B683-29A2D8756CE2}.Release|Any CPU.Build.0 = Release|Any CPU
		{D24D9AC9-36E1-4527-A2BF-48FC5727188D}.Debug|Any CPU.ActiveCfg = Debug|Any CPU
		{D24D9AC9-36E1-4527-A2BF-48FC5727188D}.Debug|Any CPU.Build.0 = Debug|Any CPU
		{D24D9AC9-36E1-4527-A2BF-48FC5727188D}.Release|Any CPU.ActiveCfg = Release|Any CPU
		{D24D9AC9-36E1-4527-A2BF-48FC5727188D}.Release|Any CPU.Build.0 = Release|Any CPU
	EndGlobalSection
	GlobalSection(SolutionProperties) = preSolution
		HideSolutionNode = FALSE
	EndGlobalSection
	GlobalSection(ExtensibilityGlobals) = postSolution
		SolutionGuid = {1026B1B2-FDB8-4488-BF7E-BA416953CB7E}
	EndGlobalSection
EndGlobal
